
Microsoft Visual Studio Solution File, Format Version 12.00
# Visual Studio Version 17
VisualStudioVersion = 17.14.36301.6
MinimumVisualStudioVersion = 10.0.40219.1
Project("{FAE04EC0-301F-11D3-BF4B-00C04F79EFBC}") = "game.services", "game.services\game.services.csproj", "{0884AE82-BFBF-4AEA-BC86-E8891FC810F5}"
EndProject
Project("{FAE04EC0-301F-11D3-BF4B-00C04F79EFBC}") = "game.UI", "game.UI\game.UI.csproj", "{52F49EAE-C889-40E7-BC67-E115E602F47C}"
EndProject
Global
	GlobalSection(SolutionConfigurationPlatforms) = preSolution
		Debug|Any CPU = Debug|Any CPU
		Release|Any CPU = Release|Any CPU
	EndGlobalSection
	GlobalSection(ProjectConfigurationPlatforms) = postSolution
		{0884AE82-BFBF-4AEA-BC86-E8891FC810F5}.Debug|Any CPU.ActiveCfg = Debug|Any CPU
		{0884AE82-BFBF-4AEA-BC86-E8891FC810F5}.Debug|Any CPU.Build.0 = Debug|Any CPU
		{0884AE82-BFBF-4AEA-BC86-E8891FC810F5}.Release|Any CPU.ActiveCfg = Release|Any CPU
		{0884AE82-BFBF-4AEA-BC86-E8891FC810F5}.Release|Any CPU.Build.0 = Release|Any CPU
		{52F49EAE-C889-40E7-BC67-E115E602F47C}.Debug|Any CPU.ActiveCfg = Debug|Any CPU
		{52F49EAE-C889-40E7-BC67-E115E602F47C}.Debug|Any CPU.Build.0 = Debug|Any CPU
		{52F49EAE-C889-40E7-BC67-E115E602F47C}.Release|Any CPU.ActiveCfg = Release|Any CPU
		{52F49EAE-C889-40E7-BC67-E115E602F47C}.Release|Any CPU.Build.0 = Release|Any CPU
	EndGlobalSection
	GlobalSection(SolutionProperties) = preSolution
		HideSolutionNode = FALSE
	EndGlobalSection
	GlobalSection(ExtensibilityGlobals) = postSolution
		SolutionGuid = {D7E326BC-7FAA-493B-8479-15556CD110D0}
	EndGlobalSection
EndGlobal
